
Microsoft Visual Studio Solution File, Format Version 12.00
# Visual Studio Version 17
VisualStudioVersion = 17.0.31903.59
MinimumVisualStudioVersion = 10.0.40219.1
Project("{2150E333-8FDC-42A3-9474-1A3956D46DE8}") = "src", "src", "{827E0CD3-B72D-47B6-A68D-7590B98EB39B}"
EndProject
Project("{FAE04EC0-301F-11D3-BF4B-00C04F79EFBC}") = "WinWork.UI", "src\WinWork.UI\WinWork.UI.csproj", "{591C32B0-8B16-4490-A3D0-935D00D43339}"
EndProject
Project("{FAE04EC0-301F-11D3-BF4B-00C04F79EFBC}") = "WinWork.Models", "src\WinWork.Models\WinWork.Models.csproj", "{A741E946-005B-4DDF-8ECF-1A6655824404}"
EndProject
Project("{FAE04EC0-301F-11D3-BF4B-00C04F79EFBC}") = "WinWork.Data", "src\WinWork.Data\WinWork.Data.csproj", "{0AA91B02-4756-45F9-BC6A-B378E5832AEC}"
EndProject
Project("{FAE04EC0-301F-11D3-BF4B-00C04F79EFBC}") = "WinWork.Core", "src\WinWork.Core\WinWork.Core.csproj", "{AA79F6DC-6CBF-4BB3-99C0-D6D813673A0C}"
EndProject
Global
	GlobalSection(SolutionConfigurationPlatforms) = preSolution
		Debug|Any CPU = Debug|Any CPU
		Debug|x64 = Debug|x64
		Debug|x86 = Debug|x86
		Release|Any CPU = Release|Any CPU
		Release|x64 = Release|x64
		Release|x86 = Release|x86
	EndGlobalSection
	GlobalSection(ProjectConfigurationPlatforms) = postSolution
		{591C32B0-8B16-4490-A3D0-935D00D43339}.Debug|Any CPU.ActiveCfg = Debug|Any CPU
		{591C32B0-8B16-4490-A3D0-935D00D43339}.Debug|Any CPU.Build.0 = Debug|Any CPU
		{591C32B0-8B16-4490-A3D0-935D00D43339}.Debug|x64.ActiveCfg = Debug|Any CPU
		{591C32B0-8B16-4490-A3D0-935D00D43339}.Debug|x64.Build.0 = Debug|Any CPU
		{591C32B0-8B16-4490-A3D0-935D00D43339}.Debug|x86.ActiveCfg = Debug|Any CPU
		{591C32B0-8B16-4490-A3D0-935D00D43339}.Debug|x86.Build.0 = Debug|Any CPU
		{591C32B0-8B16-4490-A3D0-935D00D43339}.Release|Any CPU.ActiveCfg = Release|Any CPU
		{591C32B0-8B16-4490-A3D0-935D00D43339}.Release|Any CPU.Build.0 = Release|Any CPU
		{591C32B0-8B16-4490-A3D0-935D00D43339}.Release|x64.ActiveCfg = Release|Any CPU
		{591C32B0-8B16-4490-A3D0-935D00D43339}.Release|x64.Build.0 = Release|Any CPU
		{591C32B0-8B16-4490-A3D0-935D00D43339}.Release|x86.ActiveCfg = Release|Any CPU
		{591C32B0-8B16-4490-A3D0-935D00D43339}.Release|x86.Build.0 = Release|Any CPU
		{A741E946-005B-4DDF-8ECF-1A6655824404}.Debug|Any CPU.ActiveCfg = Debug|Any CPU
		{A741E946-005B-4DDF-8ECF-1A6655824404}.Debug|Any CPU.Build.0 = Debug|Any CPU
		{A741E946-005B-4DDF-8ECF-1A6655824404}.Debug|x64.ActiveCfg = Debug|Any CPU
		{A741E946-005B-4DDF-8ECF-1A6655824404}.Debug|x64.Build.0 = Debug|Any CPU
		{A741E946-005B-4DDF-8ECF-1A6655824404}.Debug|x86.ActiveCfg = Debug|Any CPU
		{A741E946-005B-4DDF-8ECF-1A6655824404}.Debug|x86.Build.0 = Debug|Any CPU
		{A741E946-005B-4DDF-8ECF-1A6655824404}.Release|Any CPU.ActiveCfg = Release|Any CPU
		{A741E946-005B-4DDF-8ECF-1A6655824404}.Release|Any CPU.Build.0 = Release|Any CPU
		{A741E946-005B-4DDF-8ECF-1A6655824404}.Release|x64.ActiveCfg = Release|Any CPU
		{A741E946-005B-4DDF-8ECF-1A6655824404}.Release|x64.Build.0 = Release|Any CPU
		{A741E946-005B-4DDF-8ECF-1A6655824404}.Release|x86.ActiveCfg = Release|Any CPU
		{A741E946-005B-4DDF-8ECF-1A6655824404}.Release|x86.Build.0 = Release|Any CPU
		{0AA91B02-4756-45F9-BC6A-B378E5832AEC}.Debug|Any CPU.ActiveCfg = Debug|Any CPU
		{0AA91B02-4756-45F9-BC6A-B378E5832AEC}.Debug|Any CPU.Build.0 = Debug|Any CPU
		{0AA91B02-4756-45F9-BC6A-B378E5832AEC}.Debug|x64.ActiveCfg = Debug|Any CPU
		{0AA91B02-4756-45F9-BC6A-B378E5832AEC}.Debug|x64.Build.0 = Debug|Any CPU
		{0AA91B02-4756-45F9-BC6A-B378E5832AEC}.Debug|x86.ActiveCfg = Debug|Any CPU
		{0AA91B02-4756-45F9-BC6A-B378E5832AEC}.Debug|x86.Build.0 = Debug|Any CPU
		{0AA91B02-4756-45F9-BC6A-B378E5832AEC}.Release|Any CPU.ActiveCfg = Release|Any CPU
		{0AA91B02-4756-45F9-BC6A-B378E5832AEC}.Release|Any CPU.Build.0 = Release|Any CPU
		{0AA91B02-4756-45F9-BC6A-B378E5832AEC}.Release|x64.ActiveCfg = Release|Any CPU
		{0AA91B02-4756-45F9-BC6A-B378E5832AEC}.Release|x64.Build.0 = Release|Any CPU
		{0AA91B02-4756-45F9-BC6A-B378E5832AEC}.Release|x86.ActiveCfg = Release|Any CPU
		{0AA91B02-4756-45F9-BC6A-B378E5832AEC}.Release|x86.Build.0 = Release|Any CPU
		{AA79F6DC-6CBF-4BB3-99C0-D6D813673A0C}.Debug|Any CPU.ActiveCfg = Debug|Any CPU
		{AA79F6DC-6CBF-4BB3-99C0-D6D813673A0C}.Debug|Any CPU.Build.0 = Debug|Any CPU
		{AA79F6DC-6CBF-4BB3-99C0-D6D813673A0C}.Debug|x64.ActiveCfg = Debug|Any CPU
		{AA79F6DC-6CBF-4BB3-99C0-D6D813673A0C}.Debug|x64.Build.0 = Debug|Any CPU
		{AA79F6DC-6CBF-4BB3-99C0-D6D813673A0C}.Debug|x86.ActiveCfg = Debug|Any CPU
		{AA79F6DC-6CBF-4BB3-99C0-D6D813673A0C}.Debug|x86.Build.0 = Debug|Any CPU
		{AA79F6DC-6CBF-4BB3-99C0-D6D813673A0C}.Release|Any CPU.ActiveCfg = Release|Any CPU
		{AA79F6DC-6CBF-4BB3-99C0-D6D813673A0C}.Release|Any CPU.Build.0 = Release|Any CPU
		{AA79F6DC-6CBF-4BB3-99C0-D6D813673A0C}.Release|x64.ActiveCfg = Release|Any CPU
		{AA79F6DC-6CBF-4BB3-99C0-D6D813673A0C}.Release|x64.Build.0 = Release|Any CPU
		{AA79F6DC-6CBF-4BB3-99C0-D6D813673A0C}.Release|x86.ActiveCfg = Release|Any CPU
		{AA79F6DC-6CBF-4BB3-99C0-D6D813673A0C}.Release|x86.Build.0 = Release|Any CPU
	EndGlobalSection
	GlobalSection(SolutionProperties) = preSolution
		HideSolutionNode = FALSE
	EndGlobalSection
	GlobalSection(NestedProjects) = preSolution
		{591C32B0-8B16-4490-A3D0-935D00D43339} = {827E0CD3-B72D-47B6-A68D-7590B98EB39B}
		{A741E946-005B-4DDF-8ECF-1A6655824404} = {827E0CD3-B72D-47B6-A68D-7590B98EB39B}
		{0AA91B02-4756-45F9-BC6A-B378E5832AEC} = {827E0CD3-B72D-47B6-A68D-7590B98EB39B}
		{AA79F6DC-6CBF-4BB3-99C0-D6D813673A0C} = {827E0CD3-B72D-47B6-A68D-7590B98EB39B}
	EndGlobalSection
EndGlobal
